{
  "object": {
    "pins": [
      {
        "package": "Pappe",
        "repositoryURL": "https://github.com/frameworklabs/Pappe.git",
        "state": {
          "branch": null,
          "revision": "254c46c0c42aa768b055b59e29b4439b55508046",
          "version": "0.0.2"
        }
      }
    ]
  },
  "version": 1
}
