{
  "object": {
    "pins": [
      {
        "package": "Pappe",
        "repositoryURL": "https://github.com/frameworklabs/Pappe.git",
        "state": {
          "branch": null,
          "revision": "3849634cb801dd62fdda649d17e3da40729609d6",
          "version": "0.0.1"
        }
      }
    ]
  },
  "version": 1
}
